
Microsoft Visual Studio Solution File, Format Version 12.00
# Visual Studio Version 17
VisualStudioVersion = 17.14.36811.4 d17.14
MinimumVisualStudioVersion = 10.0.40219.1
Project("{FAE04EC0-301F-11D3-BF4B-00C04F79EFBC}") = "Inspection", "Inspection\Inspection.csproj", "{C1A3D0E8-77FC-4178-9070-580DA3E89D7F}"
EndProject
Project("{FAE04EC0-301F-11D3-BF4B-00C04F79EFBC}") = "Inspection.Application", "Inspection.Application\Inspection.Application.csproj", "{5CCD74CC-5439-4C44-B62F-C1F7EC6D347B}"
EndProject
Project("{FAE04EC0-301F-11D3-BF4B-00C04F79EFBC}") = "Inspection.Application.Contracts", "Inspection.Application.Contracts\Inspection.Application.Contracts.csproj", "{FC7F7A82-15B4-45E0-A1F6-A8627CF77A78}"
EndProject
Project("{FAE04EC0-301F-11D3-BF4B-00C04F79EFBC}") = "Inspection.Domain", "Inspection.Domain\Inspection.Domain.csproj", "{AC3DB935-71A7-4B4C-90B7-9A7F2F583E74}"
EndProject
Project("{FAE04EC0-301F-11D3-BF4B-00C04F79EFBC}") = "Inspection.Infrastructure", "Inspection.Infrastructure\Inspection.Infrastructure.csproj", "{30D3922F-97A9-4BDC-BBB2-CB0BC6344AB6}"
EndProject
Project("{FAE04EC0-301F-11D3-BF4B-00C04F79EFBC}") = "Inspection.API.Controllers", "Inspection.API.Controllers\Inspection.API.Controllers.csproj", "{34519A46-115A-479F-9DD2-FD3C8600411F}"
EndProject
Global
	GlobalSection(SolutionConfigurationPlatforms) = preSolution
		Debug|Any CPU = Debug|Any CPU
		Release|Any CPU = Release|Any CPU
	EndGlobalSection
	GlobalSection(ProjectConfigurationPlatforms) = postSolution
		{C1A3D0E8-77FC-4178-9070-580DA3E89D7F}.Debug|Any CPU.ActiveCfg = Debug|Any CPU
		{C1A3D0E8-77FC-4178-9070-580DA3E89D7F}.Debug|Any CPU.Build.0 = Debug|Any CPU
		{C1A3D0E8-77FC-4178-9070-580DA3E89D7F}.Release|Any CPU.ActiveCfg = Release|Any CPU
		{C1A3D0E8-77FC-4178-9070-580DA3E89D7F}.Release|Any CPU.Build.0 = Release|Any CPU
		{5CCD74CC-5439-4C44-B62F-C1F7EC6D347B}.Debug|Any CPU.ActiveCfg = Debug|Any CPU
		{5CCD74CC-5439-4C44-B62F-C1F7EC6D347B}.Debug|Any CPU.Build.0 = Debug|Any CPU
		{5CCD74CC-5439-4C44-B62F-C1F7EC6D347B}.Release|Any CPU.ActiveCfg = Release|Any CPU
		{5CCD74CC-5439-4C44-B62F-C1F7EC6D347B}.Release|Any CPU.Build.0 = Release|Any CPU
		{FC7F7A82-15B4-45E0-A1F6-A8627CF77A78}.Debug|Any CPU.ActiveCfg = Debug|Any CPU
		{FC7F7A82-15B4-45E0-A1F6-A8627CF77A78}.Debug|Any CPU.Build.0 = Debug|Any CPU
		{FC7F7A82-15B4-45E0-A1F6-A8627CF77A78}.Release|Any CPU.ActiveCfg = Release|Any CPU
		{FC7F7A82-15B4-45E0-A1F6-A8627CF77A78}.Release|Any CPU.Build.0 = Release|Any CPU
		{AC3DB935-71A7-4B4C-90B7-9A7F2F583E74}.Debug|Any CPU.ActiveCfg = Debug|Any CPU
		{AC3DB935-71A7-4B4C-90B7-9A7F2F583E74}.Debug|Any CPU.Build.0 = Debug|Any CPU
		{AC3DB935-71A7-4B4C-90B7-9A7F2F583E74}.Release|Any CPU.ActiveCfg = Release|Any CPU
		{AC3DB935-71A7-4B4C-90B7-9A7F2F583E74}.Release|Any CPU.Build.0 = Release|Any CPU
		{30D3922F-97A9-4BDC-BBB2-CB0BC6344AB6}.Debug|Any CPU.ActiveCfg = Debug|Any CPU
		{30D3922F-97A9-4BDC-BBB2-CB0BC6344AB6}.Debug|Any CPU.Build.0 = Debug|Any CPU
		{30D3922F-97A9-4BDC-BBB2-CB0BC6344AB6}.Release|Any CPU.ActiveCfg = Release|Any CPU
		{30D3922F-97A9-4BDC-BBB2-CB0BC6344AB6}.Release|Any CPU.Build.0 = Release|Any CPU
		{34519A46-115A-479F-9DD2-FD3C8600411F}.Debug|Any CPU.ActiveCfg = Debug|Any CPU
		{34519A46-115A-479F-9DD2-FD3C8600411F}.Debug|Any CPU.Build.0 = Debug|Any CPU
		{34519A46-115A-479F-9DD2-FD3C8600411F}.Release|Any CPU.ActiveCfg = Release|Any CPU
		{34519A46-115A-479F-9DD2-FD3C8600411F}.Release|Any CPU.Build.0 = Release|Any CPU
	EndGlobalSection
	GlobalSection(SolutionProperties) = preSolution
		HideSolutionNode = FALSE
	EndGlobalSection
	GlobalSection(ExtensibilityGlobals) = postSolution
		SolutionGuid = {81D35698-55DD-4BB3-ACDD-3549ACFC1684}
	EndGlobalSection
EndGlobal
